github.com/electricbubble/gadb v0.0.7 h1:fxvVLVNs3IFKuYAEXDF2tDZUjT9jNCltoTSirjM5dgo=
github.com/electricbubble/gadb v0.0.7/go.mod h1:3293YJ6OWHv/Q6NA5dwSbK43MbmYm8+Vz2d7h5J3IA8=
github.com/electricbubble/guia2 v0.1.0 h1:or7WKSp59lTIMGinbYaOn3C5m9PJKkoNXC5pRoVu7vA=
github.com/electricbubble/guia2 v0.1.0/go.mod h1:16EoiP/+vNAP4QKEBXMDPcCTtZ+wBMnv3AMRn5bHngo=
